
Microsoft Visual Studio Solution File, Format Version 12.00
# Visual Studio Version 16
VisualStudioVersion = 16.0.31911.196
MinimumVisualStudioVersion = 10.0.40219.1
Project("{FAE04EC0-301F-11D3-BF4B-00C04F79EFBC}") = "Kursachvar47", "Kursachvar47\Kursachvar47.csproj", "{F727A297-7E2A-479D-897B-FCCB40DBE317}"
EndProject
Global
	GlobalSection(SolutionConfigurationPlatforms) = preSolution
		Debug|Any CPU = Debug|Any CPU
		Release|Any CPU = Release|Any CPU
	EndGlobalSection
	GlobalSection(ProjectConfigurationPlatforms) = postSolution
		{F727A297-7E2A-479D-897B-FCCB40DBE317}.Debug|Any CPU.ActiveCfg = Debug|Any CPU
		{F727A297-7E2A-479D-897B-FCCB40DBE317}.Debug|Any CPU.Build.0 = Debug|Any CPU
		{F727A297-7E2A-479D-897B-FCCB40DBE317}.Release|Any CPU.ActiveCfg = Release|Any CPU
		{F727A297-7E2A-479D-897B-FCCB40DBE317}.Release|Any CPU.Build.0 = Release|Any CPU
	EndGlobalSection
	GlobalSection(SolutionProperties) = preSolution
		HideSolutionNode = FALSE
	EndGlobalSection
	GlobalSection(ExtensibilityGlobals) = postSolution
		SolutionGuid = {2DC2BD7C-BECB-4E8E-951C-97B15565309B}
	EndGlobalSection
EndGlobal
